// !$*UTF8*$!
{
	archiveVersion = 1;
	classes = {
	};
	objectVersion = 45;
	objects = {

/* Begin PBXBuildFile section */
		B45483E30F81380000B2943C /* IpEndpointName.cpp in Sources */ = {isa = PBXBuildFile; fileRef = B45483CA0F81380000B2943C /* IpEndpointName.cpp */; };
		B45483E40F81380000B2943C /* IpEndpointName.h in Headers */ = {isa = PBXBuildFile; fileRef = B45483CB0F81380000B2943C /* IpEndpointName.h */; };
		B45483E50F81380000B2943C /* NetworkingUtils.h in Headers */ = {isa = PBXBuildFile; fileRef = B45483CC0F81380000B2943C /* NetworkingUtils.h */; };
		B45483E60F81380000B2943C /* PacketListener.h in Headers */ = {isa = PBXBuildFile; fileRef = B45483CD0F81380000B2943C /* PacketListener.h */; };
		B45483E70F81380000B2943C /* NetworkingUtils.cpp in Sources */ = {isa = PBXBuildFile; fileRef = B45483CF0F81380000B2943C /* NetworkingUtils.cpp */; };
		B45483E80F81380000B2943C /* UdpSocket.cpp in Sources */ = {isa = PBXBuildFile; fileRef = B45483D00F81380000B2943C /* UdpSocket.cpp */; };
		B45483E90F81380000B2943C /* TimerListener.h in Headers */ = {isa = PBXBuildFile; fileRef = B45483D10F81380000B2943C /* TimerListener.h */; };
		B45483EA0F81380000B2943C /* UdpSocket.h in Headers */ = {isa = PBXBuildFile; fileRef = B45483D20F81380000B2943C /* UdpSocket.h */; };
		B45483ED0F81380000B2943C /* MessageMappingOscPacketListener.h in Headers */ = {isa = PBXBuildFile; fileRef = B45483D70F81380000B2943C /* MessageMappingOscPacketListener.h */; };
		B45483EE0F81380000B2943C /* OscException.h in Headers */ = {isa = PBXBuildFile; fileRef = B45483D80F81380000B2943C /* OscException.h */; };
		B45483EF0F81380000B2943C /* OscHostEndianness.h in Headers */ = {isa = PBXBuildFile; fileRef = B45483D90F81380000B2943C /* OscHostEndianness.h */; };
		B45483F00F81380000B2943C /* OscOutboundPacketStream.cpp in Sources */ = {isa = PBXBuildFile; fileRef = B45483DA0F81380000B2943C /* OscOutboundPacketStream.cpp */; };
		B45483F10F81380000B2943C /* OscOutboundPacketStream.h in Headers */ = {isa = PBXBuildFile; fileRef = B45483DB0F81380000B2943C /* OscOutboundPacketStream.h */; };
		B45483F20F81380000B2943C /* OscPacketListener.h in Headers */ = {isa = PBXBuildFile; fileRef = B45483DC0F81380000B2943C /* OscPacketListener.h */; };
		B45483F30F81380000B2943C /* OscPrintReceivedElements.cpp in Sources */ = {isa = PBXBuildFile; fileRef = B45483DD0F81380000B2943C /* OscPrintReceivedElements.cpp */; };
		B45483F40F81380000B2943C /* OscPrintReceivedElements.h in Headers */ = {isa = PBXBuildFile; fileRef = B45483DE0F81380000B2943C /* OscPrintReceivedElements.h */; };
		B45483F50F81380000B2943C /* OscReceivedElements.cpp in Sources */ = {isa = PBXBuildFile; fileRef = B45483DF0F81380000B2943C /* OscReceivedElements.cpp */; };
		B45483F60F81380000B2943C /* OscReceivedElements.h in Headers */ = {isa = PBXBuildFile; fileRef = B45483E00F81380000B2943C /* OscReceivedElements.h */; };
		B45483F70F81380000B2943C /* OscTypes.cpp in Sources */ = {isa = PBXBuildFile; fileRef = B45483E10F81380000B2943C /* OscTypes.cpp */; };
		B45483F80F81380000B2943C /* OscTypes.h in Headers */ = {isa = PBXBuildFile; fileRef = B45483E20F81380000B2943C /* OscTypes.h */; };
		D2AAC0B105546B7500DB518D /* Carbon.framework in Frameworks */ = {isa = PBXBuildFile; fileRef = 08FB77AAFE841565C02AAC07 /* Carbon.framework */; };
/* End PBXBuildFile section */

/* Begin PBXFileReference section */
		08FB77AAFE841565C02AAC07 /* Carbon.framework */ = {isa = PBXFileReference; lastKnownFileType = wrapper.framework; name = Carbon.framework; path = /System/Library/Frameworks/Carbon.framework; sourceTree = "<absolute>"; };
		32BAE0B70371A74B00C91783 /* OSCPack_Prefix.pch */ = {isa = PBXFileReference; fileEncoding = 4; lastKnownFileType = sourcecode.c.h; path = OSCPack_Prefix.pch; sourceTree = "<group>"; };
		5073E0C609E734A800EC74B6 /* OSCPackProj.xcconfig */ = {isa = PBXFileReference; fileEncoding = 30; lastKnownFileType = text.xcconfig; path = OSCPackProj.xcconfig; sourceTree = "<group>"; };
		5073E0C709E734A800EC74B6 /* OSCPackTarget.xcconfig */ = {isa = PBXFileReference; fileEncoding = 30; lastKnownFileType = text.xcconfig; path = OSCPackTarget.xcconfig; sourceTree = "<group>"; };
		B45483CA0F81380000B2943C /* IpEndpointName.cpp */ = {isa = PBXFileReference; fileEncoding = 4; lastKnownFileType = sourcecode.cpp.cpp; path = IpEndpointName.cpp; sourceTree = "<group>"; };
		B45483CB0F81380000B2943C /* IpEndpointName.h */ = {isa = PBXFileReference; fileEncoding = 4; lastKnownFileType = sourcecode.c.h; path = IpEndpointName.h; sourceTree = "<group>"; };
		B45483CC0F81380000B2943C /* NetworkingUtils.h */ = {isa = PBXFileReference; fileEncoding = 4; lastKnownFileType = sourcecode.c.h; path = NetworkingUtils.h; sourceTree = "<group>"; };
		B45483CD0F81380000B2943C /* PacketListener.h */ = {isa = PBXFileReference; fileEncoding = 4; lastKnownFileType = sourcecode.c.h; path = PacketListener.h; sourceTree = "<group>"; };
		B45483CF0F81380000B2943C /* NetworkingUtils.cpp */ = {isa = PBXFileReference; fileEncoding = 4; lastKnownFileType = sourcecode.cpp.cpp; path = NetworkingUtils.cpp; sourceTree = "<group>"; };
		B45483D00F81380000B2943C /* UdpSocket.cpp */ = {isa = PBXFileReference; fileEncoding = 4; lastKnownFileType = sourcecode.cpp.cpp; path = UdpSocket.cpp; sourceTree = "<group>"; };
		B45483D10F81380000B2943C /* TimerListener.h */ = {isa = PBXFileReference; fileEncoding = 4; lastKnownFileType = sourcecode.c.h; path = TimerListener.h; sourceTree = "<group>"; };
		B45483D20F81380000B2943C /* UdpSocket.h */ = {isa = PBXFileReference; fileEncoding = 4; lastKnownFileType = sourcecode.c.h; path = UdpSocket.h; sourceTree = "<group>"; };
		B45483D70F81380000B2943C /* MessageMappingOscPacketListener.h */ = {isa = PBXFileReference; fileEncoding = 4; lastKnownFileType = sourcecode.c.h; path = MessageMappingOscPacketListener.h; sourceTree = "<group>"; };
		B45483D80F81380000B2943C /* OscException.h */ = {isa = PBXFileReference; fileEncoding = 4; lastKnownFileType = sourcecode.c.h; path = OscException.h; sourceTree = "<group>"; };
		B45483D90F81380000B2943C /* OscHostEndianness.h */ = {isa = PBXFileReference; fileEncoding = 4; lastKnownFileType = sourcecode.c.h; path = OscHostEndianness.h; sourceTree = "<group>"; };
		B45483DA0F81380000B2943C /* OscOutboundPacketStream.cpp */ = {isa = PBXFileReference; fileEncoding = 4; lastKnownFileType = sourcecode.cpp.cpp; path = OscOutboundPacketStream.cpp; sourceTree = "<group>"; };
		B45483DB0F81380000B2943C /* OscOutboundPacketStream.h */ = {isa = PBXFileReference; fileEncoding = 4; lastKnownFileType = sourcecode.c.h; path = OscOutboundPacketStream.h; sourceTree = "<group>"; };
		B45483DC0F81380000B2943C /* OscPacketListener.h */ = {isa = PBXFileReference; fileEncoding = 4; lastKnownFileType = sourcecode.c.h; path = OscPacketListener.h; sourceTree = "<group>"; };
		B45483DD0F81380000B2943C /* OscPrintReceivedElements.cpp */ = {isa = PBXFileReference; fileEncoding = 4; lastKnownFileType = sourcecode.cpp.cpp; path = OscPrintReceivedElements.cpp; sourceTree = "<group>"; };
		B45483DE0F81380000B2943C /* OscPrintReceivedElements.h */ = {isa = PBXFileReference; fileEncoding = 4; lastKnownFileType = sourcecode.c.h; path = OscPrintReceivedElements.h; sourceTree = "<group>"; };
		B45483DF0F81380000B2943C /* OscReceivedElements.cpp */ = {isa = PBXFileReference; fileEncoding = 4; lastKnownFileType = sourcecode.cpp.cpp; path = OscReceivedElements.cpp; sourceTree = "<group>"; };
		B45483E00F81380000B2943C /* OscReceivedElements.h */ = {isa = PBXFileReference; fileEncoding = 4; lastKnownFileType = sourcecode.c.h; path = OscReceivedElements.h; sourceTree = "<group>"; };
		B45483E10F81380000B2943C /* OscTypes.cpp */ = {isa = PBXFileReference; fileEncoding = 4; lastKnownFileType = sourcecode.cpp.cpp; path = OscTypes.cpp; sourceTree = "<group>"; };
		B45483E20F81380000B2943C /* OscTypes.h */ = {isa = PBXFileReference; fileEncoding = 4; lastKnownFileType = sourcecode.c.h; path = OscTypes.h; sourceTree = "<group>"; };
		D2AAC09D05546B4700DB518D /* libOSCPack.dylib */ = {isa = PBXFileReference; explicitFileType = "compiled.mach-o.dylib"; includeInIndex = 0; path = libOSCPack.dylib; sourceTree = BUILT_PRODUCTS_DIR; };
/* End PBXFileReference section */

/* Begin PBXFrameworksBuildPhase section */
		D2AAC09B05546B4700DB518D /* Frameworks */ = {
			isa = PBXFrameworksBuildPhase;
			buildActionMask = 2147483647;
			files = (
				D2AAC0B105546B7500DB518D /* Carbon.framework in Frameworks */,
			);
			runOnlyForDeploymentPostprocessing = 0;
		};
/* End PBXFrameworksBuildPhase section */

/* Begin PBXGroup section */
		034768DDFF38A45A11DB9C8B /* Products */ = {
			isa = PBXGroup;
			children = (
				D2AAC09D05546B4700DB518D /* libOSCPack.dylib */,
			);
			name = Products;
			sourceTree = "<group>";
		};
		0867D691FE84028FC02AAC07 /* OSCPack */ = {
			isa = PBXGroup;
			children = (
				B45483C90F81380000B2943C /* ip */,
				B45483D60F81380000B2943C /* osc */,
				5073E0CA09E734BC00EC74B6 /* Configuration Files */,
				08FB77ACFE841707C02AAC07 /* Source */,
				0867D69AFE84028FC02AAC07 /* External Frameworks and Libraries */,
				034768DDFF38A45A11DB9C8B /* Products */,
			);
			name = OSCPack;
			sourceTree = "<group>";
		};
		0867D69AFE84028FC02AAC07 /* External Frameworks and Libraries */ = {
			isa = PBXGroup;
			children = (
				08FB77AAFE841565C02AAC07 /* Carbon.framework */,
			);
			name = "External Frameworks and Libraries";
			sourceTree = "<group>";
		};
		08FB77ACFE841707C02AAC07 /* Source */ = {
			isa = PBXGroup;
			children = (
				32BAE0B70371A74B00C91783 /* OSCPack_Prefix.pch */,
			);
			name = Source;
			sourceTree = "<group>";
		};
		5073E0CA09E734BC00EC74B6 /* Configuration Files */ = {
			isa = PBXGroup;
			children = (
				5073E0C609E734A800EC74B6 /* OSCPackProj.xcconfig */,
				5073E0C709E734A800EC74B6 /* OSCPackTarget.xcconfig */,
			);
			name = "Configuration Files";
			sourceTree = "<group>";
		};
		B45483C90F81380000B2943C /* ip */ = {
			isa = PBXGroup;
			children = (
				B45483CA0F81380000B2943C /* IpEndpointName.cpp */,
				B45483CB0F81380000B2943C /* IpEndpointName.h */,
				B45483CC0F81380000B2943C /* NetworkingUtils.h */,
				B45483CD0F81380000B2943C /* PacketListener.h */,
				B45483CE0F81380000B2943C /* posix */,
				B45483D10F81380000B2943C /* TimerListener.h */,
				B45483D20F81380000B2943C /* UdpSocket.h */,
			);
			path = ip;
			sourceTree = "<group>";
		};
		B45483CE0F81380000B2943C /* posix */ = {
			isa = PBXGroup;
			children = (
				B45483CF0F81380000B2943C /* NetworkingUtils.cpp */,
				B45483D00F81380000B2943C /* UdpSocket.cpp */,
			);
			path = posix;
			sourceTree = "<group>";
		};
		B45483D60F81380000B2943C /* osc */ = {
			isa = PBXGroup;
			children = (
				B45483D70F81380000B2943C /* MessageMappingOscPacketListener.h */,
				B45483D80F81380000B2943C /* OscException.h */,
				B45483D90F81380000B2943C /* OscHostEndianness.h */,
				B45483DA0F81380000B2943C /* OscOutboundPacketStream.cpp */,
				B45483DB0F81380000B2943C /* OscOutboundPacketStream.h */,
				B45483DC0F81380000B2943C /* OscPacketListener.h */,
				B45483DD0F81380000B2943C /* OscPrintReceivedElements.cpp */,
				B45483DE0F81380000B2943C /* OscPrintReceivedElements.h */,
				B45483DF0F81380000B2943C /* OscReceivedElements.cpp */,
				B45483E00F81380000B2943C /* OscReceivedElements.h */,
				B45483E10F81380000B2943C /* OscTypes.cpp */,
				B45483E20F81380000B2943C /* OscTypes.h */,
			);
			path = osc;
			sourceTree = "<group>";
		};
/* End PBXGroup section */

/* Begin PBXHeadersBuildPhase section */
		D2AAC09905546B4700DB518D /* Headers */ = {
			isa = PBXHeadersBuildPhase;
			buildActionMask = 2147483647;
			files = (
				B45483E40F81380000B2943C /* IpEndpointName.h in Headers */,
				B45483E50F81380000B2943C /* NetworkingUtils.h in Headers */,
				B45483E60F81380000B2943C /* PacketListener.h in Headers */,
				B45483E90F81380000B2943C /* TimerListener.h in Headers */,
				B45483EA0F81380000B2943C /* UdpSocket.h in Headers */,
				B45483ED0F81380000B2943C /* MessageMappingOscPacketListener.h in Headers */,
				B45483EE0F81380000B2943C /* OscException.h in Headers */,
				B45483EF0F81380000B2943C /* OscHostEndianness.h in Headers */,
				B45483F10F81380000B2943C /* OscOutboundPacketStream.h in Headers */,
				B45483F20F81380000B2943C /* OscPacketListener.h in Headers */,
				B45483F40F81380000B2943C /* OscPrintReceivedElements.h in Headers */,
				B45483F60F81380000B2943C /* OscReceivedElements.h in Headers */,
				B45483F80F81380000B2943C /* OscTypes.h in Headers */,
			);
			runOnlyForDeploymentPostprocessing = 0;
		};
/* End PBXHeadersBuildPhase section */

/* Begin PBXNativeTarget section */
		D2AAC09C05546B4700DB518D /* OSCPack */ = {
			isa = PBXNativeTarget;
			buildConfigurationList = 1DEB916008733D950010E9CD /* Build configuration list for PBXNativeTarget "OSCPack" */;
			buildPhases = (
				D2AAC09905546B4700DB518D /* Headers */,
				D2AAC09B05546B4700DB518D /* Frameworks */,
				D2AAC09A05546B4700DB518D /* Sources */,
			);
			buildRules = (
			);
			dependencies = (
			);
			name = OSCPack;
			productName = libOSCPack;
			productReference = D2AAC09D05546B4700DB518D /* libOSCPack.dylib */;
			productType = "com.apple.product-type.library.dynamic";
		};
/* End PBXNativeTarget section */

/* Begin PBXProject section */
		0867D690FE84028FC02AAC07 /* Project object */ = {
			isa = PBXProject;
			buildConfigurationList = 1DEB916408733D950010E9CD /* Build configuration list for PBXProject "OSCPack" */;
			compatibilityVersion = "Xcode 3.1";
			hasScannedForEncodings = 1;
			mainGroup = 0867D691FE84028FC02AAC07 /* OSCPack */;
			productRefGroup = 034768DDFF38A45A11DB9C8B /* Products */;
			projectDirPath = "";
			projectRoot = "";
			targets = (
				D2AAC09C05546B4700DB518D /* OSCPack */,
			);
		};
/* End PBXProject section */

/* Begin PBXSourcesBuildPhase section */
		D2AAC09A05546B4700DB518D /* Sources */ = {
			isa = PBXSourcesBuildPhase;
			buildActionMask = 2147483647;
			files = (
				B45483E30F81380000B2943C /* IpEndpointName.cpp in Sources */,
				B45483E70F81380000B2943C /* NetworkingUtils.cpp in Sources */,
				B45483E80F81380000B2943C /* UdpSocket.cpp in Sources */,
				B45483F00F81380000B2943C /* OscOutboundPacketStream.cpp in Sources */,
				B45483F30F81380000B2943C /* OscPrintReceivedElements.cpp in Sources */,
				B45483F50F81380000B2943C /* OscReceivedElements.cpp in Sources */,
				B45483F70F81380000B2943C /* OscTypes.cpp in Sources */,
			);
			runOnlyForDeploymentPostprocessing = 0;
		};
/* End PBXSourcesBuildPhase section */

/* Begin XCBuildConfiguration section */
		1DEB916108733D950010E9CD /* Debug */ = {
			isa = XCBuildConfiguration;
			baseConfigurationReference = 5073E0C709E734A800EC74B6 /* OSCPackTarget.xcconfig */;
			buildSettings = {
				ALWAYS_SEARCH_USER_PATHS = NO;
				COPY_PHASE_STRIP = NO;
				GCC_DYNAMIC_NO_PIC = NO;
				GCC_ENABLE_FIX_AND_CONTINUE = YES;
				GCC_MODEL_TUNING = G5;
				GCC_OPTIMIZATION_LEVEL = 0;
				GCC_PRECOMPILE_PREFIX_HEADER = YES;
				GCC_PREFIX_HEADER = OSCPack_Prefix.pch;
				GCC_PREPROCESSOR_DEFINITIONS = (
					"_GLIBCXX_DEBUG=1",
					"_GLIBCXX_DEBUG_PEDANTIC=1",
				);
			};
			name = Debug;
		};
		1DEB916208733D950010E9CD /* Release */ = {
			isa = XCBuildConfiguration;
			baseConfigurationReference = 5073E0C709E734A800EC74B6 /* OSCPackTarget.xcconfig */;
			buildSettings = {
				ALWAYS_SEARCH_USER_PATHS = NO;
				DEBUG_INFORMATION_FORMAT = "dwarf-with-dsym";
				GCC_MODEL_TUNING = G5;
				GCC_PRECOMPILE_PREFIX_HEADER = YES;
				GCC_PREFIX_HEADER = OSCPack_Prefix.pch;
				STRIP_INSTALLED_PRODUCT = YES;
				STRIP_STYLE = "non-global";
			};
			name = Release;
		};
		1DEB916508733D950010E9CD /* Debug */ = {
			isa = XCBuildConfiguration;
			baseConfigurationReference = 5073E0C609E734A800EC74B6 /* OSCPackProj.xcconfig */;
			buildSettings = {
				ARCHS = "$(ARCHS_STANDARD_32_BIT)";
				GCC_C_LANGUAGE_STANDARD = c99;
				GCC_OPTIMIZATION_LEVEL = 0;
				GCC_WARN_ABOUT_RETURN_TYPE = YES;
				GCC_WARN_UNUSED_VARIABLE = YES;
				ONLY_ACTIVE_ARCH = YES;
				PREBINDING = NO;
				SDKROOT = macosx10.5;
			};
			name = Debug;
		};
		1DEB916608733D950010E9CD /* Release */ = {
			isa = XCBuildConfiguration;
			baseConfigurationReference = 5073E0C609E734A800EC74B6 /* OSCPackProj.xcconfig */;
			buildSettings = {
				ARCHS = "$(ARCHS_STANDARD_32_BIT)";
				GCC_C_LANGUAGE_STANDARD = c99;
				GCC_WARN_ABOUT_RETURN_TYPE = YES;
				GCC_WARN_UNUSED_VARIABLE = YES;
				PREBINDING = NO;
				SDKROOT = macosx10.5;
			};
			name = Release;
		};
/* End XCBuildConfiguration section */

/* Begin XCConfigurationList section */
		1DEB916008733D950010E9CD /* Build configuration list for PBXNativeTarget "OSCPack" */ = {
			isa = XCConfigurationList;
			buildConfigurations = (
				1DEB916108733D950010E9CD /* Debug */,
				1DEB916208733D950010E9CD /* Release */,
			);
			defaultConfigurationIsVisible = 0;
			defaultConfigurationName = Release;
		};
		1DEB916408733D950010E9CD /* Build configuration list for PBXProject "OSCPack" */ = {
			isa = XCConfigurationList;
			buildConfigurations = (
				1DEB916508733D950010E9CD /* Debug */,
				1DEB916608733D950010E9CD /* Release */,
			);
			defaultConfigurationIsVisible = 0;
			defaultConfigurationName = Release;
		};
/* End XCConfigurationList section */
	};
	rootObject = 0867D690FE84028FC02AAC07 /* Project object */;
}
