// !$*UTF8*$!
{
	archiveVersion = 1;
	classes = {
	};
	objectVersion = 45;
	objects = {

/* Begin PBXBuildFile section */
		B4FB0226104A7CD2000F66F0 /* tjclient.h in Headers */ = {isa = PBXBuildFile; fileRef = B4FB021A104A7CD2000F66F0 /* tjclient.h */; };
		B4FB0227104A7CD2000F66F0 /* tjnp.h in Headers */ = {isa = PBXBuildFile; fileRef = B4FB021B104A7CD2000F66F0 /* tjnp.h */; };
		B4FB0228104A7CD2000F66F0 /* tjprotocol.h in Headers */ = {isa = PBXBuildFile; fileRef = B4FB021C104A7CD2000F66F0 /* tjprotocol.h */; };
		B4FB0229104A7CD2000F66F0 /* tjsocket.h in Headers */ = {isa = PBXBuildFile; fileRef = B4FB021D104A7CD2000F66F0 /* tjsocket.h */; };
		B4FB022A104A7CD2000F66F0 /* tjstream.h in Headers */ = {isa = PBXBuildFile; fileRef = B4FB021E104A7CD2000F66F0 /* tjstream.h */; };
		B4FB022B104A7CD2000F66F0 /* tjtransaction.h in Headers */ = {isa = PBXBuildFile; fileRef = B4FB021F104A7CD2000F66F0 /* tjtransaction.h */; };
		B4FB022C104A7CD2000F66F0 /* tjclient.cpp in Sources */ = {isa = PBXBuildFile; fileRef = B4FB0221104A7CD2000F66F0 /* tjclient.cpp */; };
		B4FB022D104A7CD2000F66F0 /* tjprotocol.cpp in Sources */ = {isa = PBXBuildFile; fileRef = B4FB0222104A7CD2000F66F0 /* tjprotocol.cpp */; };
		B4FB022E104A7CD2000F66F0 /* tjsocket.cpp in Sources */ = {isa = PBXBuildFile; fileRef = B4FB0223104A7CD2000F66F0 /* tjsocket.cpp */; };
		B4FB022F104A7CD2000F66F0 /* tjstream.cpp in Sources */ = {isa = PBXBuildFile; fileRef = B4FB0224104A7CD2000F66F0 /* tjstream.cpp */; };
		B4FB0230104A7CD2000F66F0 /* tjtransaction.cpp in Sources */ = {isa = PBXBuildFile; fileRef = B4FB0225104A7CD2000F66F0 /* tjtransaction.cpp */; };
		D2AAC0B105546B7500DB518D /* Carbon.framework in Frameworks */ = {isa = PBXBuildFile; fileRef = 08FB77AAFE841565C02AAC07 /* Carbon.framework */; };
/* End PBXBuildFile section */

/* Begin PBXFileReference section */
		08FB77AAFE841565C02AAC07 /* Carbon.framework */ = {isa = PBXFileReference; lastKnownFileType = wrapper.framework; name = Carbon.framework; path = /System/Library/Frameworks/Carbon.framework; sourceTree = "<absolute>"; };
		5073E0C609E734A800EC74B6 /* TJNPProj.xcconfig */ = {isa = PBXFileReference; fileEncoding = 30; lastKnownFileType = text.xcconfig; path = TJNPProj.xcconfig; sourceTree = "<group>"; };
		5073E0C709E734A800EC74B6 /* TJNPTarget.xcconfig */ = {isa = PBXFileReference; fileEncoding = 30; lastKnownFileType = text.xcconfig; path = TJNPTarget.xcconfig; sourceTree = "<group>"; };
		B4FB021A104A7CD2000F66F0 /* tjclient.h */ = {isa = PBXFileReference; fileEncoding = 4; lastKnownFileType = sourcecode.c.h; path = tjclient.h; sourceTree = "<group>"; };
		B4FB021B104A7CD2000F66F0 /* tjnp.h */ = {isa = PBXFileReference; fileEncoding = 4; lastKnownFileType = sourcecode.c.h; path = tjnp.h; sourceTree = "<group>"; };
		B4FB021C104A7CD2000F66F0 /* tjprotocol.h */ = {isa = PBXFileReference; fileEncoding = 4; lastKnownFileType = sourcecode.c.h; path = tjprotocol.h; sourceTree = "<group>"; };
		B4FB021D104A7CD2000F66F0 /* tjsocket.h */ = {isa = PBXFileReference; fileEncoding = 4; lastKnownFileType = sourcecode.c.h; path = tjsocket.h; sourceTree = "<group>"; };
		B4FB021E104A7CD2000F66F0 /* tjstream.h */ = {isa = PBXFileReference; fileEncoding = 4; lastKnownFileType = sourcecode.c.h; path = tjstream.h; sourceTree = "<group>"; };
		B4FB021F104A7CD2000F66F0 /* tjtransaction.h */ = {isa = PBXFileReference; fileEncoding = 4; lastKnownFileType = sourcecode.c.h; path = tjtransaction.h; sourceTree = "<group>"; };
		B4FB0221104A7CD2000F66F0 /* tjclient.cpp */ = {isa = PBXFileReference; fileEncoding = 4; lastKnownFileType = sourcecode.cpp.cpp; path = tjclient.cpp; sourceTree = "<group>"; };
		B4FB0222104A7CD2000F66F0 /* tjprotocol.cpp */ = {isa = PBXFileReference; fileEncoding = 4; lastKnownFileType = sourcecode.cpp.cpp; path = tjprotocol.cpp; sourceTree = "<group>"; };
		B4FB0223104A7CD2000F66F0 /* tjsocket.cpp */ = {isa = PBXFileReference; fileEncoding = 4; lastKnownFileType = sourcecode.cpp.cpp; path = tjsocket.cpp; sourceTree = "<group>"; };
		B4FB0224104A7CD2000F66F0 /* tjstream.cpp */ = {isa = PBXFileReference; fileEncoding = 4; lastKnownFileType = sourcecode.cpp.cpp; path = tjstream.cpp; sourceTree = "<group>"; };
		B4FB0225104A7CD2000F66F0 /* tjtransaction.cpp */ = {isa = PBXFileReference; fileEncoding = 4; lastKnownFileType = sourcecode.cpp.cpp; path = tjtransaction.cpp; sourceTree = "<group>"; };
		D2AAC09D05546B4700DB518D /* libTJNP.dylib */ = {isa = PBXFileReference; explicitFileType = "compiled.mach-o.dylib"; includeInIndex = 0; path = libTJNP.dylib; sourceTree = BUILT_PRODUCTS_DIR; };
/* End PBXFileReference section */

/* Begin PBXFrameworksBuildPhase section */
		D2AAC09B05546B4700DB518D /* Frameworks */ = {
			isa = PBXFrameworksBuildPhase;
			buildActionMask = 2147483647;
			files = (
				D2AAC0B105546B7500DB518D /* Carbon.framework in Frameworks */,
			);
			runOnlyForDeploymentPostprocessing = 0;
		};
/* End PBXFrameworksBuildPhase section */

/* Begin PBXGroup section */
		034768DDFF38A45A11DB9C8B /* Products */ = {
			isa = PBXGroup;
			children = (
				D2AAC09D05546B4700DB518D /* libTJNP.dylib */,
			);
			name = Products;
			sourceTree = "<group>";
		};
		0867D691FE84028FC02AAC07 /* TJNP */ = {
			isa = PBXGroup;
			children = (
				5073E0CA09E734BC00EC74B6 /* Configuration Files */,
				08FB77ACFE841707C02AAC07 /* Source */,
				0867D69AFE84028FC02AAC07 /* External Frameworks and Libraries */,
				034768DDFF38A45A11DB9C8B /* Products */,
			);
			name = TJNP;
			sourceTree = "<group>";
		};
		0867D69AFE84028FC02AAC07 /* External Frameworks and Libraries */ = {
			isa = PBXGroup;
			children = (
				08FB77AAFE841565C02AAC07 /* Carbon.framework */,
			);
			name = "External Frameworks and Libraries";
			sourceTree = "<group>";
		};
		08FB77ACFE841707C02AAC07 /* Source */ = {
			isa = PBXGroup;
			children = (
				B4FB0219104A7CD2000F66F0 /* include */,
				B4FB0220104A7CD2000F66F0 /* src */,
			);
			name = Source;
			sourceTree = "<group>";
		};
		5073E0CA09E734BC00EC74B6 /* Configuration Files */ = {
			isa = PBXGroup;
			children = (
				5073E0C609E734A800EC74B6 /* TJNPProj.xcconfig */,
				5073E0C709E734A800EC74B6 /* TJNPTarget.xcconfig */,
			);
			name = "Configuration Files";
			sourceTree = "<group>";
		};
		B4FB0219104A7CD2000F66F0 /* include */ = {
			isa = PBXGroup;
			children = (
				B4FB021A104A7CD2000F66F0 /* tjclient.h */,
				B4FB021B104A7CD2000F66F0 /* tjnp.h */,
				B4FB021C104A7CD2000F66F0 /* tjprotocol.h */,
				B4FB021D104A7CD2000F66F0 /* tjsocket.h */,
				B4FB021E104A7CD2000F66F0 /* tjstream.h */,
				B4FB021F104A7CD2000F66F0 /* tjtransaction.h */,
			);
			path = include;
			sourceTree = "<group>";
		};
		B4FB0220104A7CD2000F66F0 /* src */ = {
			isa = PBXGroup;
			children = (
				B4FB0221104A7CD2000F66F0 /* tjclient.cpp */,
				B4FB0222104A7CD2000F66F0 /* tjprotocol.cpp */,
				B4FB0223104A7CD2000F66F0 /* tjsocket.cpp */,
				B4FB0224104A7CD2000F66F0 /* tjstream.cpp */,
				B4FB0225104A7CD2000F66F0 /* tjtransaction.cpp */,
			);
			path = src;
			sourceTree = "<group>";
		};
/* End PBXGroup section */

/* Begin PBXHeadersBuildPhase section */
		D2AAC09905546B4700DB518D /* Headers */ = {
			isa = PBXHeadersBuildPhase;
			buildActionMask = 2147483647;
			files = (
				B4FB0226104A7CD2000F66F0 /* tjclient.h in Headers */,
				B4FB0227104A7CD2000F66F0 /* tjnp.h in Headers */,
				B4FB0228104A7CD2000F66F0 /* tjprotocol.h in Headers */,
				B4FB0229104A7CD2000F66F0 /* tjsocket.h in Headers */,
				B4FB022A104A7CD2000F66F0 /* tjstream.h in Headers */,
				B4FB022B104A7CD2000F66F0 /* tjtransaction.h in Headers */,
			);
			runOnlyForDeploymentPostprocessing = 0;
		};
/* End PBXHeadersBuildPhase section */

/* Begin PBXNativeTarget section */
		D2AAC09C05546B4700DB518D /* TJNP */ = {
			isa = PBXNativeTarget;
			buildConfigurationList = 1DEB916008733D950010E9CD /* Build configuration list for PBXNativeTarget "TJNP" */;
			buildPhases = (
				D2AAC09905546B4700DB518D /* Headers */,
				D2AAC09B05546B4700DB518D /* Frameworks */,
				D2AAC09A05546B4700DB518D /* Sources */,
			);
			buildRules = (
			);
			dependencies = (
			);
			name = TJNP;
			productName = libTJNP;
			productReference = D2AAC09D05546B4700DB518D /* libTJNP.dylib */;
			productType = "com.apple.product-type.library.dynamic";
		};
/* End PBXNativeTarget section */

/* Begin PBXProject section */
		0867D690FE84028FC02AAC07 /* Project object */ = {
			isa = PBXProject;
			buildConfigurationList = 1DEB916408733D950010E9CD /* Build configuration list for PBXProject "TJNP" */;
			compatibilityVersion = "Xcode 3.1";
			hasScannedForEncodings = 1;
			mainGroup = 0867D691FE84028FC02AAC07 /* TJNP */;
			productRefGroup = 034768DDFF38A45A11DB9C8B /* Products */;
			projectDirPath = "";
			projectRoot = "";
			targets = (
				D2AAC09C05546B4700DB518D /* TJNP */,
			);
		};
/* End PBXProject section */

/* Begin PBXSourcesBuildPhase section */
		D2AAC09A05546B4700DB518D /* Sources */ = {
			isa = PBXSourcesBuildPhase;
			buildActionMask = 2147483647;
			files = (
				B4FB022C104A7CD2000F66F0 /* tjclient.cpp in Sources */,
				B4FB022D104A7CD2000F66F0 /* tjprotocol.cpp in Sources */,
				B4FB022E104A7CD2000F66F0 /* tjsocket.cpp in Sources */,
				B4FB022F104A7CD2000F66F0 /* tjstream.cpp in Sources */,
				B4FB0230104A7CD2000F66F0 /* tjtransaction.cpp in Sources */,
			);
			runOnlyForDeploymentPostprocessing = 0;
		};
/* End PBXSourcesBuildPhase section */

/* Begin XCBuildConfiguration section */
		1DEB916108733D950010E9CD /* Debug */ = {
			isa = XCBuildConfiguration;
			baseConfigurationReference = 5073E0C709E734A800EC74B6 /* TJNPTarget.xcconfig */;
			buildSettings = {
				ALWAYS_SEARCH_USER_PATHS = NO;
				COPY_PHASE_STRIP = NO;
				GCC_DYNAMIC_NO_PIC = NO;
				GCC_ENABLE_FIX_AND_CONTINUE = YES;
				GCC_MODEL_TUNING = G5;
				GCC_OPTIMIZATION_LEVEL = 0;
				GCC_PRECOMPILE_PREFIX_HEADER = NO;
				GCC_PREFIX_HEADER = "";
				GCC_PREPROCESSOR_DEFINITIONS = (
					"_GLIBCXX_DEBUG=1",
					"_GLIBCXX_DEBUG_PEDANTIC=1",
				);
			};
			name = Debug;
		};
		1DEB916208733D950010E9CD /* Release */ = {
			isa = XCBuildConfiguration;
			baseConfigurationReference = 5073E0C709E734A800EC74B6 /* TJNPTarget.xcconfig */;
			buildSettings = {
				ALWAYS_SEARCH_USER_PATHS = NO;
				ARCHS = "$(ARCHS_STANDARD_32_64_BIT)";
				DEBUG_INFORMATION_FORMAT = "dwarf-with-dsym";
				GCC_MODEL_TUNING = G5;
				GCC_PRECOMPILE_PREFIX_HEADER = NO;
				GCC_PREFIX_HEADER = "";
				STRIP_INSTALLED_PRODUCT = YES;
				STRIP_STYLE = "non-global";
			};
			name = Release;
		};
		1DEB916508733D950010E9CD /* Debug */ = {
			isa = XCBuildConfiguration;
			baseConfigurationReference = 5073E0C609E734A800EC74B6 /* TJNPProj.xcconfig */;
			buildSettings = {
				ARCHS = "$(ARCHS_STANDARD_32_BIT)";
				GCC_C_LANGUAGE_STANDARD = c99;
				GCC_OPTIMIZATION_LEVEL = 0;
				GCC_WARN_ABOUT_RETURN_TYPE = YES;
				GCC_WARN_UNUSED_VARIABLE = YES;
				ONLY_ACTIVE_ARCH = YES;
				PREBINDING = NO;
				SDKROOT = macosx10.5;
			};
			name = Debug;
		};
		1DEB916608733D950010E9CD /* Release */ = {
			isa = XCBuildConfiguration;
			baseConfigurationReference = 5073E0C609E734A800EC74B6 /* TJNPProj.xcconfig */;
			buildSettings = {
				ARCHS = "$(ARCHS_STANDARD_32_BIT)";
				GCC_C_LANGUAGE_STANDARD = c99;
				GCC_WARN_ABOUT_RETURN_TYPE = YES;
				GCC_WARN_UNUSED_VARIABLE = YES;
				PREBINDING = NO;
				SDKROOT = macosx10.5;
			};
			name = Release;
		};
/* End XCBuildConfiguration section */

/* Begin XCConfigurationList section */
		1DEB916008733D950010E9CD /* Build configuration list for PBXNativeTarget "TJNP" */ = {
			isa = XCConfigurationList;
			buildConfigurations = (
				1DEB916108733D950010E9CD /* Debug */,
				1DEB916208733D950010E9CD /* Release */,
			);
			defaultConfigurationIsVisible = 0;
			defaultConfigurationName = Release;
		};
		1DEB916408733D950010E9CD /* Build configuration list for PBXProject "TJNP" */ = {
			isa = XCConfigurationList;
			buildConfigurations = (
				1DEB916508733D950010E9CD /* Debug */,
				1DEB916608733D950010E9CD /* Release */,
			);
			defaultConfigurationIsVisible = 0;
			defaultConfigurationName = Release;
		};
/* End XCConfigurationList section */
	};
	rootObject = 0867D690FE84028FC02AAC07 /* Project object */;
}
